
Microsoft Visual Studio Solution File, Format Version 12.00
# Visual Studio 2013
VisualStudioVersion = 12.0.21005.1
MinimumVisualStudioVersion = 10.0.40219.1
Project("{FAE04EC0-301F-11D3-BF4B-00C04F79EFBC}") = "Flying.Web", "Flying.Web\Flying.Web.csproj", "{AAE1C658-44E1-4A95-9360-2AC57B019BAE}"
EndProject
Project("{FAE04EC0-301F-11D3-BF4B-00C04F79EFBC}") = "Flying.Entity", "Flying.Model\Flying.Entity.csproj", "{5B6B85E2-3B8F-4DD1-ACE3-BABAED15262B}"
EndProject
Project("{FAE04EC0-301F-11D3-BF4B-00C04F79EFBC}") = "Flying.Logic", "Flying.Logic\Flying.Logic.csproj", "{ABD4E901-E62C-47E1-A697-1B27F6923A02}"
EndProject
Project("{FAE04EC0-301F-11D3-BF4B-00C04F79EFBC}") = "Flying.Common", "Flying.Common\Flying.Common.csproj", "{24BB33E6-E5FF-4678-B16F-2386AAA5F84D}"
EndProject
Project("{FAE04EC0-301F-11D3-BF4B-00C04F79EFBC}") = "Flying.Test.Unit", "Flying.Test.Unit\Flying.Test.Unit.csproj", "{81580E55-F074-4C62-A580-5802BD99FDC2}"
EndProject
Project("{FAE04EC0-301F-11D3-BF4B-00C04F79EFBC}") = "Flying.Web.Controllers", "Flying.Web.Controller\Flying.Web.Controllers.csproj", "{06BB2C55-8B53-4F0D-A0D9-A5A3053CDE5D}"
EndProject
Project("{FAE04EC0-301F-11D3-BF4B-00C04F79EFBC}") = "Flying.ILogic", "Flying.ILogic\Flying.ILogic.csproj", "{4DBBC8BC-337C-48C8-833F-613C2C7F50FD}"
EndProject
Project("{FAE04EC0-301F-11D3-BF4B-00C04F79EFBC}") = "Flying.Web.Mvc", "Flying.Web.Mvc\Flying.Web.Mvc.csproj", "{BD28D2D6-28B1-4B30-8360-2A33B15D3756}"
EndProject
Global
	GlobalSection(SolutionConfigurationPlatforms) = preSolution
		Debug|Any CPU = Debug|Any CPU
		Release|Any CPU = Release|Any CPU
	EndGlobalSection
	GlobalSection(ProjectConfigurationPlatforms) = postSolution
		{AAE1C658-44E1-4A95-9360-2AC57B019BAE}.Debug|Any CPU.ActiveCfg = Debug|Any CPU
		{AAE1C658-44E1-4A95-9360-2AC57B019BAE}.Debug|Any CPU.Build.0 = Debug|Any CPU
		{AAE1C658-44E1-4A95-9360-2AC57B019BAE}.Release|Any CPU.ActiveCfg = Release|Any CPU
		{AAE1C658-44E1-4A95-9360-2AC57B019BAE}.Release|Any CPU.Build.0 = Release|Any CPU
		{5B6B85E2-3B8F-4DD1-ACE3-BABAED15262B}.Debug|Any CPU.ActiveCfg = Debug|Any CPU
		{5B6B85E2-3B8F-4DD1-ACE3-BABAED15262B}.Debug|Any CPU.Build.0 = Debug|Any CPU
		{5B6B85E2-3B8F-4DD1-ACE3-BABAED15262B}.Release|Any CPU.ActiveCfg = Release|Any CPU
		{5B6B85E2-3B8F-4DD1-ACE3-BABAED15262B}.Release|Any CPU.Build.0 = Release|Any CPU
		{ABD4E901-E62C-47E1-A697-1B27F6923A02}.Debug|Any CPU.ActiveCfg = Debug|Any CPU
		{ABD4E901-E62C-47E1-A697-1B27F6923A02}.Debug|Any CPU.Build.0 = Debug|Any CPU
		{ABD4E901-E62C-47E1-A697-1B27F6923A02}.Release|Any CPU.ActiveCfg = Release|Any CPU
		{ABD4E901-E62C-47E1-A697-1B27F6923A02}.Release|Any CPU.Build.0 = Release|Any CPU
		{24BB33E6-E5FF-4678-B16F-2386AAA5F84D}.Debug|Any CPU.ActiveCfg = Debug|Any CPU
		{24BB33E6-E5FF-4678-B16F-2386AAA5F84D}.Debug|Any CPU.Build.0 = Debug|Any CPU
		{24BB33E6-E5FF-4678-B16F-2386AAA5F84D}.Release|Any CPU.ActiveCfg = Release|Any CPU
		{24BB33E6-E5FF-4678-B16F-2386AAA5F84D}.Release|Any CPU.Build.0 = Release|Any CPU
		{81580E55-F074-4C62-A580-5802BD99FDC2}.Debug|Any CPU.ActiveCfg = Debug|Any CPU
		{81580E55-F074-4C62-A580-5802BD99FDC2}.Debug|Any CPU.Build.0 = Debug|Any CPU
		{81580E55-F074-4C62-A580-5802BD99FDC2}.Release|Any CPU.ActiveCfg = Release|Any CPU
		{81580E55-F074-4C62-A580-5802BD99FDC2}.Release|Any CPU.Build.0 = Release|Any CPU
		{06BB2C55-8B53-4F0D-A0D9-A5A3053CDE5D}.Debug|Any CPU.ActiveCfg = Debug|Any CPU
		{06BB2C55-8B53-4F0D-A0D9-A5A3053CDE5D}.Debug|Any CPU.Build.0 = Debug|Any CPU
		{06BB2C55-8B53-4F0D-A0D9-A5A3053CDE5D}.Release|Any CPU.ActiveCfg = Release|Any CPU
		{06BB2C55-8B53-4F0D-A0D9-A5A3053CDE5D}.Release|Any CPU.Build.0 = Release|Any CPU
		{4DBBC8BC-337C-48C8-833F-613C2C7F50FD}.Debug|Any CPU.ActiveCfg = Debug|Any CPU
		{4DBBC8BC-337C-48C8-833F-613C2C7F50FD}.Debug|Any CPU.Build.0 = Debug|Any CPU
		{4DBBC8BC-337C-48C8-833F-613C2C7F50FD}.Release|Any CPU.ActiveCfg = Release|Any CPU
		{4DBBC8BC-337C-48C8-833F-613C2C7F50FD}.Release|Any CPU.Build.0 = Release|Any CPU
		{BD28D2D6-28B1-4B30-8360-2A33B15D3756}.Debug|Any CPU.ActiveCfg = Debug|Any CPU
		{BD28D2D6-28B1-4B30-8360-2A33B15D3756}.Debug|Any CPU.Build.0 = Debug|Any CPU
		{BD28D2D6-28B1-4B30-8360-2A33B15D3756}.Release|Any CPU.ActiveCfg = Release|Any CPU
		{BD28D2D6-28B1-4B30-8360-2A33B15D3756}.Release|Any CPU.Build.0 = Release|Any CPU
	EndGlobalSection
	GlobalSection(SolutionProperties) = preSolution
		HideSolutionNode = FALSE
	EndGlobalSection
EndGlobal
